
Microsoft Visual Studio Solution File, Format Version 12.00
# Visual Studio Version 17
VisualStudioVersion = 17.3.32929.385
MinimumVisualStudioVersion = 10.0.40219.1
Project("{FAE04EC0-301F-11D3-BF4B-00C04F79EFBC}") = "tcptst", "tcptst\tcptst.csproj", "{27196EA4-6F1A-44CB-A851-C5168B73C3E2}"
EndProject
Global
	GlobalSection(SolutionConfigurationPlatforms) = preSolution
		Debug|Any CPU = Debug|Any CPU
		Release|Any CPU = Release|Any CPU
	EndGlobalSection
	GlobalSection(ProjectConfigurationPlatforms) = postSolution
		{27196EA4-6F1A-44CB-A851-C5168B73C3E2}.Debug|Any CPU.ActiveCfg = Debug|Any CPU
		{27196EA4-6F1A-44CB-A851-C5168B73C3E2}.Debug|Any CPU.Build.0 = Debug|Any CPU
		{27196EA4-6F1A-44CB-A851-C5168B73C3E2}.Release|Any CPU.ActiveCfg = Release|Any CPU
		{27196EA4-6F1A-44CB-A851-C5168B73C3E2}.Release|Any CPU.Build.0 = Release|Any CPU
	EndGlobalSection
	GlobalSection(SolutionProperties) = preSolution
		HideSolutionNode = FALSE
	EndGlobalSection
	GlobalSection(ExtensibilityGlobals) = postSolution
		SolutionGuid = {E262D0D7-500A-4259-8C94-5CEC31B6019A}
	EndGlobalSection
EndGlobal
